{
  "version": 4,
  "terraform_version": "1.1.2",
  "serial": 45,
  "lineage": "7ea90cd7-6728-8ede-8dcd-3eea3a8214dc",
  "outputs": {
    "key_data": {
      "value": "{}",
      "type": "string",
      "sensitive": true
    },
    "kubernetes_cluster_name": {
      "value": "orion-development",
      "type": "string"
    },
    "resource_group_name": {
      "value": "rg-orion",
      "type": "string"
    }
  },
  "resources": [
    {
      "mode": "managed",
      "type": "azapi_resource",
      "name": "ssh_public_key",
      "provider": "provider[\"registry.terraform.io/azure/azapi\"]",
      "instances": [
        {
          "schema_version": 0,
          "attributes": {
            "body": "{}",
            "id": "/subscriptions/ac83cab7-a083-4e76-8f40-7962715ca304/resourceGroups/rg-orion/providers/Microsoft.Compute/sshPublicKeys/ssh-orion",
            "identity": [],
            "ignore_body_changes": null,
            "ignore_casing": false,
            "ignore_missing_property": true,
            "location": "eastus2",
            "locks": null,
            "name": "ssh-orion",
            "output": "{}",
            "parent_id": "/subscriptions/ac83cab7-a083-4e76-8f40-7962715ca304/resourceGroups/rg-orion",
            "removing_special_chars": false,
            "response_export_values": null,
            "schema_validation_enabled": true,
            "tags": {},
            "timeouts": null,
            "type": "Microsoft.Compute/sshPublicKeys@2022-11-01"
          },
          "sensitive_attributes": [],
          "private": "eyJlMmJmYjczMC1lY2FhLTExZTYtOGY4OC0zNDM2M2JjN2M0YzAiOnsiY3JlYXRlIjoxODAwMDAwMDAwMDAwLCJkZWxldGUiOjE4MDAwMDAwMDAwMDAsInJlYWQiOjMwMDAwMDAwMDAwMCwidXBkYXRlIjoxODAwMDAwMDAwMDAwfX0=",
          "dependencies": [
            "azurerm_resource_group.rg"
          ]
        }
      ]
    },
    {
      "mode": "managed",
      "type": "azapi_resource_action",
      "name": "ssh_public_key_gen",
      "provider": "provider[\"registry.terraform.io/azure/azapi\"]",
      "instances": [
        {
          "schema_version": 0,
          "attributes": {
            "action": "generateKeyPair",
            "body": null,
            "id": "/subscriptions/ac83cab7-a083-4e76-8f40-7962715ca304/resourceGroups/rg-orion/providers/Microsoft.Compute/sshPublicKeys/ssh-orion/generateKeyPair",
            "locks": null,
            "method": "POST",
            "output": "{\"publicKey\":\"ssh-rsa AAAAB3NzaC1yc2EAAAADAQABAAABgQDGrNBwPP5+cecYGhDGej1I6MG5hShSJdTt6nVCS0klOyNuZtimhZAlkyPluhlZVF6U9S9O132l8QkzGnR5C6G3fAzUQKtSM+r/y5Tb6VfFM/QaamxOFcTCebA4szN2IReMqUZmHTkLmg4I3qmxtKNDfNZoizS8xSGxp/CsK3dLNEtw/8pwjIry+mcfHgOtS1oqqEVAkYAcZ+iaiWDln25+iesedpdZIeupp5inSKmHWYFxyHG6doQRFMgo/90H+DNHp2VG88sp2TIXIbMdE+qslffkpyxHNaK7jnzUnHpVXjBUckLpIHtCewLXFgOYsn1cMBtynvGM1UYFarKTlyKunAupc1hc68V+JdWmuz57+rCd+aNR2T3+yvxN2hL302lPNhXXvxJQYNnfQgo8V65XbV+1rlyxDjOxBnyj6Oj0WcQMRwr+RB30LBq9S6Mu0jyhfc3Vdp6e7s+8xSsKo2byGMVRhcJUp1WCwfW19ZZrz3GfNkPvFzp3monrQuGaFyk= generated-by-azure\"}",
            "resource_id": "/subscriptions/ac83cab7-a083-4e76-8f40-7962715ca304/resourceGroups/rg-orion/providers/Microsoft.Compute/sshPublicKeys/ssh-orion",
            "response_export_values": [
              "publicKey"
            ],
            "timeouts": null,
            "type": "Microsoft.Compute/sshPublicKeys@2022-11-01",
            "when": "apply"
          },
          "sensitive_attributes": [],
          "private": "eyJlMmJmYjczMC1lY2FhLTExZTYtOGY4OC0zNDM2M2JjN2M0YzAiOnsiY3JlYXRlIjoxODAwMDAwMDAwMDAwLCJkZWxldGUiOjE4MDAwMDAwMDAwMDAsInJlYWQiOjMwMDAwMDAwMDAwMCwidXBkYXRlIjoxODAwMDAwMDAwMDAwfX0=",
          "dependencies": [
            "azapi_resource.ssh_public_key",
            "azurerm_resource_group.rg"
          ]
        }
      ]
    },
    {
      "mode": "managed",
      "type": "azurerm_resource_group",
      "name": "rg",
      "provider": "provider[\"registry.terraform.io/hashicorp/azurerm\"]",
      "instances": [
        {
          "schema_version": 0,
          "attributes": {
            "id": "/subscriptions/ac83cab7-a083-4e76-8f40-7962715ca304/resourceGroups/rg-orion",
            "location": "eastus2",
            "managed_by": "",
            "name": "rg-orion",
            "tags": {},
            "timeouts": null
          },
          "sensitive_attributes": [],
          "private": "eyJlMmJmYjczMC1lY2FhLTExZTYtOGY4OC0zNDM2M2JjN2M0YzAiOnsiY3JlYXRlIjo1NDAwMDAwMDAwMDAwLCJkZWxldGUiOjU0MDAwMDAwMDAwMDAsInJlYWQiOjMwMDAwMDAwMDAwMCwidXBkYXRlIjo1NDAwMDAwMDAwMDAwfX0="
        }
      ]
    }
  ]
}
